// !$*UTF8*$!
{
	archiveVersion = 1;
	classes = {
	};
	objectVersion = 51;
	objects = {

/* Begin PBXBuildFile section */
		0BE52699453511F47F8BA1CC /* Pods_Coroutine_Sample.framework in Frameworks */ = {isa = PBXBuildFile; fileRef = D013A4CE4464D6A3B2846896 /* Pods_Coroutine_Sample.framework */; };
		1FA69B0A245CA9CC0073DD69 /* AppDelegate.swift in Sources */ = {isa = PBXBuildFile; fileRef = 1FA69B09245CA9CC0073DD69 /* AppDelegate.swift */; };
		1FA69B0C245CA9CC0073DD69 /* SceneDelegate.swift in Sources */ = {isa = PBXBuildFile; fileRef = 1FA69B0B245CA9CC0073DD69 /* SceneDelegate.swift */; };
		1FA69B0E245CA9CC0073DD69 /* CallbackViewController.swift in Sources */ = {isa = PBXBuildFile; fileRef = 1FA69B0D245CA9CC0073DD69 /* CallbackViewController.swift */; };
		1FA69B10245CA9CC0073DD69 /* CoroutineViewController.swift in Sources */ = {isa = PBXBuildFile; fileRef = 1FA69B0F245CA9CC0073DD69 /* CoroutineViewController.swift */; };
		1FA69B13245CA9CC0073DD69 /* Main.storyboard in Resources */ = {isa = PBXBuildFile; fileRef = 1FA69B11245CA9CC0073DD69 /* Main.storyboard */; };
		1FA69B15245CA9CE0073DD69 /* Assets.xcassets in Resources */ = {isa = PBXBuildFile; fileRef = 1FA69B14245CA9CE0073DD69 /* Assets.xcassets */; };
		1FA69B18245CA9CE0073DD69 /* LaunchScreen.storyboard in Resources */ = {isa = PBXBuildFile; fileRef = 1FA69B16245CA9CE0073DD69 /* LaunchScreen.storyboard */; };
		1FA69B21245CDC760073DD69 /* Pokemon.swift in Sources */ = {isa = PBXBuildFile; fileRef = 1FA69B20245CDC760073DD69 /* Pokemon.swift */; };
		1FA69B23245CE8B10073DD69 /* CoroutinePokeApi.swift in Sources */ = {isa = PBXBuildFile; fileRef = 1FA69B22245CE8B10073DD69 /* CoroutinePokeApi.swift */; };
		1FA69B25245D091A0073DD69 /* CallbackPokeApi.swift in Sources */ = {isa = PBXBuildFile; fileRef = 1FA69B24245D091A0073DD69 /* CallbackPokeApi.swift */; };
/* End PBXBuildFile section */

/* Begin PBXFileReference section */
		1FA69B06245CA9CC0073DD69 /* Coroutine Sample.app */ = {isa = PBXFileReference; explicitFileType = wrapper.application; includeInIndex = 0; path = "Coroutine Sample.app"; sourceTree = BUILT_PRODUCTS_DIR; };
		1FA69B09245CA9CC0073DD69 /* AppDelegate.swift */ = {isa = PBXFileReference; lastKnownFileType = sourcecode.swift; path = AppDelegate.swift; sourceTree = "<group>"; };
		1FA69B0B245CA9CC0073DD69 /* SceneDelegate.swift */ = {isa = PBXFileReference; lastKnownFileType = sourcecode.swift; path = SceneDelegate.swift; sourceTree = "<group>"; };
		1FA69B0D245CA9CC0073DD69 /* CallbackViewController.swift */ = {isa = PBXFileReference; lastKnownFileType = sourcecode.swift; path = CallbackViewController.swift; sourceTree = "<group>"; };
		1FA69B0F245CA9CC0073DD69 /* CoroutineViewController.swift */ = {isa = PBXFileReference; lastKnownFileType = sourcecode.swift; path = CoroutineViewController.swift; sourceTree = "<group>"; };
		1FA69B12245CA9CC0073DD69 /* Base */ = {isa = PBXFileReference; lastKnownFileType = file.storyboard; name = Base; path = Base.lproj/Main.storyboard; sourceTree = "<group>"; };
		1FA69B14245CA9CE0073DD69 /* Assets.xcassets */ = {isa = PBXFileReference; lastKnownFileType = folder.assetcatalog; path = Assets.xcassets; sourceTree = "<group>"; };
		1FA69B17245CA9CE0073DD69 /* Base */ = {isa = PBXFileReference; lastKnownFileType = file.storyboard; name = Base; path = Base.lproj/LaunchScreen.storyboard; sourceTree = "<group>"; };
		1FA69B19245CA9CE0073DD69 /* Info.plist */ = {isa = PBXFileReference; lastKnownFileType = text.plist.xml; path = Info.plist; sourceTree = "<group>"; };
		1FA69B20245CDC760073DD69 /* Pokemon.swift */ = {isa = PBXFileReference; lastKnownFileType = sourcecode.swift; path = Pokemon.swift; sourceTree = "<group>"; };
		1FA69B22245CE8B10073DD69 /* CoroutinePokeApi.swift */ = {isa = PBXFileReference; lastKnownFileType = sourcecode.swift; path = CoroutinePokeApi.swift; sourceTree = "<group>"; };
		1FA69B24245D091A0073DD69 /* CallbackPokeApi.swift */ = {isa = PBXFileReference; lastKnownFileType = sourcecode.swift; path = CallbackPokeApi.swift; sourceTree = "<group>"; };
		3106FB3E00EA74E3927AF2E1 /* Pods-Coroutine Sample.debug.xcconfig */ = {isa = PBXFileReference; includeInIndex = 1; lastKnownFileType = text.xcconfig; name = "Pods-Coroutine Sample.debug.xcconfig"; path = "Target Support Files/Pods-Coroutine Sample/Pods-Coroutine Sample.debug.xcconfig"; sourceTree = "<group>"; };
		D013A4CE4464D6A3B2846896 /* Pods_Coroutine_Sample.framework */ = {isa = PBXFileReference; explicitFileType = wrapper.framework; includeInIndex = 0; path = Pods_Coroutine_Sample.framework; sourceTree = BUILT_PRODUCTS_DIR; };
		F541FF8CAAB0E425BA3AAEF3 /* Pods-Coroutine Sample.release.xcconfig */ = {isa = PBXFileReference; includeInIndex = 1; lastKnownFileType = text.xcconfig; name = "Pods-Coroutine Sample.release.xcconfig"; path = "Target Support Files/Pods-Coroutine Sample/Pods-Coroutine Sample.release.xcconfig"; sourceTree = "<group>"; };
/* End PBXFileReference section */

/* Begin PBXFrameworksBuildPhase section */
		1FA69B03245CA9CC0073DD69 /* Frameworks */ = {
			isa = PBXFrameworksBuildPhase;
			buildActionMask = 2147483647;
			files = (
				0BE52699453511F47F8BA1CC /* Pods_Coroutine_Sample.framework in Frameworks */,
			);
			runOnlyForDeploymentPostprocessing = 0;
		};
/* End PBXFrameworksBuildPhase section */

/* Begin PBXGroup section */
		1FA69AFD245CA9CC0073DD69 = {
			isa = PBXGroup;
			children = (
				1FA69B08245CA9CC0073DD69 /* Coroutine Sample */,
				1FA69B07245CA9CC0073DD69 /* Products */,
				56EF84DD9E4CEE5987D38FE6 /* Pods */,
				353315572302C35B34BFECDD /* Frameworks */,
			);
			sourceTree = "<group>";
		};
		1FA69B07245CA9CC0073DD69 /* Products */ = {
			isa = PBXGroup;
			children = (
				1FA69B06245CA9CC0073DD69 /* Coroutine Sample.app */,
			);
			name = Products;
			sourceTree = "<group>";
		};
		1FA69B08245CA9CC0073DD69 /* Coroutine Sample */ = {
			isa = PBXGroup;
			children = (
				1FA69B1F245CDC3F0073DD69 /* PokeAPI */,
				1FA69B09245CA9CC0073DD69 /* AppDelegate.swift */,
				1FA69B0B245CA9CC0073DD69 /* SceneDelegate.swift */,
				1FA69B0D245CA9CC0073DD69 /* CallbackViewController.swift */,
				1FA69B0F245CA9CC0073DD69 /* CoroutineViewController.swift */,
				1FA69B11245CA9CC0073DD69 /* Main.storyboard */,
				1FA69B14245CA9CE0073DD69 /* Assets.xcassets */,
				1FA69B16245CA9CE0073DD69 /* LaunchScreen.storyboard */,
				1FA69B19245CA9CE0073DD69 /* Info.plist */,
			);
			path = "Coroutine Sample";
			sourceTree = "<group>";
		};
		1FA69B1F245CDC3F0073DD69 /* PokeAPI */ = {
			isa = PBXGroup;
			children = (
				1FA69B24245D091A0073DD69 /* CallbackPokeApi.swift */,
				1FA69B22245CE8B10073DD69 /* CoroutinePokeApi.swift */,
				1FA69B20245CDC760073DD69 /* Pokemon.swift */,
			);
			path = PokeAPI;
			sourceTree = "<group>";
		};
		353315572302C35B34BFECDD /* Frameworks */ = {
			isa = PBXGroup;
			children = (
				D013A4CE4464D6A3B2846896 /* Pods_Coroutine_Sample.framework */,
			);
			name = Frameworks;
			sourceTree = "<group>";
		};
		56EF84DD9E4CEE5987D38FE6 /* Pods */ = {
			isa = PBXGroup;
			children = (
				3106FB3E00EA74E3927AF2E1 /* Pods-Coroutine Sample.debug.xcconfig */,
				F541FF8CAAB0E425BA3AAEF3 /* Pods-Coroutine Sample.release.xcconfig */,
			);
			path = Pods;
			sourceTree = "<group>";
		};
/* End PBXGroup section */

/* Begin PBXNativeTarget section */
		1FA69B05245CA9CC0073DD69 /* Coroutine Sample */ = {
			isa = PBXNativeTarget;
			buildConfigurationList = 1FA69B1C245CA9CE0073DD69 /* Build configuration list for PBXNativeTarget "Coroutine Sample" */;
			buildPhases = (
				80A389C7137133E4AA8FBB39 /* [CP] Check Pods Manifest.lock */,
				1FA69B02245CA9CC0073DD69 /* Sources */,
				1FA69B03245CA9CC0073DD69 /* Frameworks */,
				1FA69B04245CA9CC0073DD69 /* Resources */,
				42BA91868A49CC22E928FF14 /* [CP] Embed Pods Frameworks */,
			);
			buildRules = (
			);
			dependencies = (
			);
			name = "Coroutine Sample";
			productName = "Coroutine Sample";
			productReference = 1FA69B06245CA9CC0073DD69 /* Coroutine Sample.app */;
			productType = "com.apple.product-type.application";
		};
/* End PBXNativeTarget section */

/* Begin PBXProject section */
		1FA69AFE245CA9CC0073DD69 /* Project object */ = {
			isa = PBXProject;
			attributes = {
				LastSwiftUpdateCheck = 1140;
				LastUpgradeCheck = 1140;
				ORGANIZATIONNAME = "Jeff Lockhart";
				TargetAttributes = {
					1FA69B05245CA9CC0073DD69 = {
						CreatedOnToolsVersion = 11.4.1;
					};
				};
			};
			buildConfigurationList = 1FA69B01245CA9CC0073DD69 /* Build configuration list for PBXProject "Coroutine Sample" */;
			compatibilityVersion = "Xcode 9.3";
			developmentRegion = en;
			hasScannedForEncodings = 0;
			knownRegions = (
				en,
				Base,
			);
			mainGroup = 1FA69AFD245CA9CC0073DD69;
			productRefGroup = 1FA69B07245CA9CC0073DD69 /* Products */;
			projectDirPath = "";
			projectRoot = "";
			targets = (
				1FA69B05245CA9CC0073DD69 /* Coroutine Sample */,
			);
		};
/* End PBXProject section */

/* Begin PBXResourcesBuildPhase section */
		1FA69B04245CA9CC0073DD69 /* Resources */ = {
			isa = PBXResourcesBuildPhase;
			buildActionMask = 2147483647;
			files = (
				1FA69B18245CA9CE0073DD69 /* LaunchScreen.storyboard in Resources */,
				1FA69B15245CA9CE0073DD69 /* Assets.xcassets in Resources */,
				1FA69B13245CA9CC0073DD69 /* Main.storyboard in Resources */,
			);
			runOnlyForDeploymentPostprocessing = 0;
		};
/* End PBXResourcesBuildPhase section */

/* Begin PBXShellScriptBuildPhase section */
		42BA91868A49CC22E928FF14 /* [CP] Embed Pods Frameworks */ = {
			isa = PBXShellScriptBuildPhase;
			buildActionMask = 2147483647;
			files = (
			);
			inputFileListPaths = (
				"${PODS_ROOT}/Target Support Files/Pods-Coroutine Sample/Pods-Coroutine Sample-frameworks-${CONFIGURATION}-input-files.xcfilelist",
			);
			name = "[CP] Embed Pods Frameworks";
			outputFileListPaths = (
				"${PODS_ROOT}/Target Support Files/Pods-Coroutine Sample/Pods-Coroutine Sample-frameworks-${CONFIGURATION}-output-files.xcfilelist",
			);
			runOnlyForDeploymentPostprocessing = 0;
			shellPath = /bin/sh;
			shellScript = "\"${PODS_ROOT}/Target Support Files/Pods-Coroutine Sample/Pods-Coroutine Sample-frameworks.sh\"\n";
			showEnvVarsInLog = 0;
		};
		80A389C7137133E4AA8FBB39 /* [CP] Check Pods Manifest.lock */ = {
			isa = PBXShellScriptBuildPhase;
			buildActionMask = 2147483647;
			files = (
			);
			inputFileListPaths = (
			);
			inputPaths = (
				"${PODS_PODFILE_DIR_PATH}/Podfile.lock",
				"${PODS_ROOT}/Manifest.lock",
			);
			name = "[CP] Check Pods Manifest.lock";
			outputFileListPaths = (
			);
			outputPaths = (
				"$(DERIVED_FILE_DIR)/Pods-Coroutine Sample-checkManifestLockResult.txt",
			);
			runOnlyForDeploymentPostprocessing = 0;
			shellPath = /bin/sh;
			shellScript = "diff \"${PODS_PODFILE_DIR_PATH}/Podfile.lock\" \"${PODS_ROOT}/Manifest.lock\" > /dev/null\nif [ $? != 0 ] ; then\n    # print error to STDERR\n    echo \"error: The sandbox is not in sync with the Podfile.lock. Run 'pod install' or update your CocoaPods installation.\" >&2\n    exit 1\nfi\n# This output is used by Xcode 'outputs' to avoid re-running this script phase.\necho \"SUCCESS\" > \"${SCRIPT_OUTPUT_FILE_0}\"\n";
			showEnvVarsInLog = 0;
		};
/* End PBXShellScriptBuildPhase section */

/* Begin PBXSourcesBuildPhase section */
		1FA69B02245CA9CC0073DD69 /* Sources */ = {
			isa = PBXSourcesBuildPhase;
			buildActionMask = 2147483647;
			files = (
				1FA69B21245CDC760073DD69 /* Pokemon.swift in Sources */,
				1FA69B25245D091A0073DD69 /* CallbackPokeApi.swift in Sources */,
				1FA69B10245CA9CC0073DD69 /* CoroutineViewController.swift in Sources */,
				1FA69B0E245CA9CC0073DD69 /* CallbackViewController.swift in Sources */,
				1FA69B0A245CA9CC0073DD69 /* AppDelegate.swift in Sources */,
				1FA69B0C245CA9CC0073DD69 /* SceneDelegate.swift in Sources */,
				1FA69B23245CE8B10073DD69 /* CoroutinePokeApi.swift in Sources */,
			);
			runOnlyForDeploymentPostprocessing = 0;
		};
/* End PBXSourcesBuildPhase section */

/* Begin PBXVariantGroup section */
		1FA69B11245CA9CC0073DD69 /* Main.storyboard */ = {
			isa = PBXVariantGroup;
			children = (
				1FA69B12245CA9CC0073DD69 /* Base */,
			);
			name = Main.storyboard;
			sourceTree = "<group>";
		};
		1FA69B16245CA9CE0073DD69 /* LaunchScreen.storyboard */ = {
			isa = PBXVariantGroup;
			children = (
				1FA69B17245CA9CE0073DD69 /* Base */,
			);
			name = LaunchScreen.storyboard;
			sourceTree = "<group>";
		};
/* End PBXVariantGroup section */

/* Begin XCBuildConfiguration section */
		1FA69B1A245CA9CE0073DD69 /* Debug */ = {
			isa = XCBuildConfiguration;
			buildSettings = {
				ALWAYS_SEARCH_USER_PATHS = NO;
				CLANG_ANALYZER_NONNULL = YES;
				CLANG_ANALYZER_NUMBER_OBJECT_CONVERSION = YES_AGGRESSIVE;
				CLANG_CXX_LANGUAGE_STANDARD = "gnu++14";
				CLANG_CXX_LIBRARY = "libc++";
				CLANG_ENABLE_MODULES = YES;
				CLANG_ENABLE_OBJC_ARC = YES;
				CLANG_ENABLE_OBJC_WEAK = YES;
				CLANG_WARN_BLOCK_CAPTURE_AUTORELEASING = YES;
				CLANG_WARN_BOOL_CONVERSION = YES;
				CLANG_WARN_COMMA = YES;
				CLANG_WARN_CONSTANT_CONVERSION = YES;
				CLANG_WARN_DEPRECATED_OBJC_IMPLEMENTATIONS = YES;
				CLANG_WARN_DIRECT_OBJC_ISA_USAGE = YES_ERROR;
				CLANG_WARN_DOCUMENTATION_COMMENTS = YES;
				CLANG_WARN_EMPTY_BODY = YES;
				CLANG_WARN_ENUM_CONVERSION = YES;
				CLANG_WARN_INFINITE_RECURSION = YES;
				CLANG_WARN_INT_CONVERSION = YES;
				CLANG_WARN_NON_LITERAL_NULL_CONVERSION = YES;
				CLANG_WARN_OBJC_IMPLICIT_RETAIN_SELF = YES;
				CLANG_WARN_OBJC_LITERAL_CONVERSION = YES;
				CLANG_WARN_OBJC_ROOT_CLASS = YES_ERROR;
				CLANG_WARN_RANGE_LOOP_ANALYSIS = YES;
				CLANG_WARN_STRICT_PROTOTYPES = YES;
				CLANG_WARN_SUSPICIOUS_MOVE = YES;
				CLANG_WARN_UNGUARDED_AVAILABILITY = YES_AGGRESSIVE;
				CLANG_WARN_UNREACHABLE_CODE = YES;
				CLANG_WARN__DUPLICATE_METHOD_MATCH = YES;
				COPY_PHASE_STRIP = NO;
				DEBUG_INFORMATION_FORMAT = dwarf;
				ENABLE_STRICT_OBJC_MSGSEND = YES;
				ENABLE_TESTABILITY = YES;
				GCC_C_LANGUAGE_STANDARD = gnu11;
				GCC_DYNAMIC_NO_PIC = NO;
				GCC_NO_COMMON_BLOCKS = YES;
				GCC_OPTIMIZATION_LEVEL = 0;
				GCC_PREPROCESSOR_DEFINITIONS = (
					"DEBUG=1",
					"$(inherited)",
				);
				GCC_WARN_64_TO_32_BIT_CONVERSION = YES;
				GCC_WARN_ABOUT_RETURN_TYPE = YES_ERROR;
				GCC_WARN_UNDECLARED_SELECTOR = YES;
				GCC_WARN_UNINITIALIZED_AUTOS = YES_AGGRESSIVE;
				GCC_WARN_UNUSED_FUNCTION = YES;
				GCC_WARN_UNUSED_VARIABLE = YES;
				IPHONEOS_DEPLOYMENT_TARGET = 13.4;
				MTL_ENABLE_DEBUG_INFO = INCLUDE_SOURCE;
				MTL_FAST_MATH = YES;
				ONLY_ACTIVE_ARCH = YES;
				SDKROOT = iphoneos;
				SWIFT_ACTIVE_COMPILATION_CONDITIONS = DEBUG;
				SWIFT_OPTIMIZATION_LEVEL = "-Onone";
			};
			name = Debug;
		};
		1FA69B1B245CA9CE0073DD69 /* Release */ = {
			isa = XCBuildConfiguration;
			buildSettings = {
				ALWAYS_SEARCH_USER_PATHS = NO;
				CLANG_ANALYZER_NONNULL = YES;
				CLANG_ANALYZER_NUMBER_OBJECT_CONVERSION = YES_AGGRESSIVE;
				CLANG_CXX_LANGUAGE_STANDARD = "gnu++14";
				CLANG_CXX_LIBRARY = "libc++";
				CLANG_ENABLE_MODULES = YES;
				CLANG_ENABLE_OBJC_ARC = YES;
				CLANG_ENABLE_OBJC_WEAK = YES;
				CLANG_WARN_BLOCK_CAPTURE_AUTORELEASING = YES;
				CLANG_WARN_BOOL_CONVERSION = YES;
				CLANG_WARN_COMMA = YES;
				CLANG_WARN_CONSTANT_CONVERSION = YES;
				CLANG_WARN_DEPRECATED_OBJC_IMPLEMENTATIONS = YES;
				CLANG_WARN_DIRECT_OBJC_ISA_USAGE = YES_ERROR;
				CLANG_WARN_DOCUMENTATION_COMMENTS = YES;
				CLANG_WARN_EMPTY_BODY = YES;
				CLANG_WARN_ENUM_CONVERSION = YES;
				CLANG_WARN_INFINITE_RECURSION = YES;
				CLANG_WARN_INT_CONVERSION = YES;
				CLANG_WARN_NON_LITERAL_NULL_CONVERSION = YES;
				CLANG_WARN_OBJC_IMPLICIT_RETAIN_SELF = YES;
				CLANG_WARN_OBJC_LITERAL_CONVERSION = YES;
				CLANG_WARN_OBJC_ROOT_CLASS = YES_ERROR;
				CLANG_WARN_RANGE_LOOP_ANALYSIS = YES;
				CLANG_WARN_STRICT_PROTOTYPES = YES;
				CLANG_WARN_SUSPICIOUS_MOVE = YES;
				CLANG_WARN_UNGUARDED_AVAILABILITY = YES_AGGRESSIVE;
				CLANG_WARN_UNREACHABLE_CODE = YES;
				CLANG_WARN__DUPLICATE_METHOD_MATCH = YES;
				COPY_PHASE_STRIP = NO;
				DEBUG_INFORMATION_FORMAT = "dwarf-with-dsym";
				ENABLE_NS_ASSERTIONS = NO;
				ENABLE_STRICT_OBJC_MSGSEND = YES;
				GCC_C_LANGUAGE_STANDARD = gnu11;
				GCC_NO_COMMON_BLOCKS = YES;
				GCC_WARN_64_TO_32_BIT_CONVERSION = YES;
				GCC_WARN_ABOUT_RETURN_TYPE = YES_ERROR;
				GCC_WARN_UNDECLARED_SELECTOR = YES;
				GCC_WARN_UNINITIALIZED_AUTOS = YES_AGGRESSIVE;
				GCC_WARN_UNUSED_FUNCTION = YES;
				GCC_WARN_UNUSED_VARIABLE = YES;
				IPHONEOS_DEPLOYMENT_TARGET = 13.4;
				MTL_ENABLE_DEBUG_INFO = NO;
				MTL_FAST_MATH = YES;
				SDKROOT = iphoneos;
				SWIFT_COMPILATION_MODE = wholemodule;
				SWIFT_OPTIMIZATION_LEVEL = "-O";
				VALIDATE_PRODUCT = YES;
			};
			name = Release;
		};
		1FA69B1D245CA9CE0073DD69 /* Debug */ = {
			isa = XCBuildConfiguration;
			baseConfigurationReference = 3106FB3E00EA74E3927AF2E1 /* Pods-Coroutine Sample.debug.xcconfig */;
			buildSettings = {
				ASSETCATALOG_COMPILER_APPICON_NAME = AppIcon;
				CODE_SIGN_STYLE = Automatic;
				INFOPLIST_FILE = "Coroutine Sample/Info.plist";
				LD_RUNPATH_SEARCH_PATHS = (
					"$(inherited)",
					"@executable_path/Frameworks",
				);
				PRODUCT_BUNDLE_IDENTIFIER = "com.github.jeffdgr8.Coroutine-Sample";
				PRODUCT_NAME = "$(TARGET_NAME)";
				SWIFT_VERSION = 5.0;
				TARGETED_DEVICE_FAMILY = "1,2";
			};
			name = Debug;
		};
		1FA69B1E245CA9CE0073DD69 /* Release */ = {
			isa = XCBuildConfiguration;
			baseConfigurationReference = F541FF8CAAB0E425BA3AAEF3 /* Pods-Coroutine Sample.release.xcconfig */;
			buildSettings = {
				ASSETCATALOG_COMPILER_APPICON_NAME = AppIcon;
				CODE_SIGN_STYLE = Automatic;
				INFOPLIST_FILE = "Coroutine Sample/Info.plist";
				LD_RUNPATH_SEARCH_PATHS = (
					"$(inherited)",
					"@executable_path/Frameworks",
				);
				PRODUCT_BUNDLE_IDENTIFIER = "com.github.jeffdgr8.Coroutine-Sample";
				PRODUCT_NAME = "$(TARGET_NAME)";
				SWIFT_VERSION = 5.0;
				TARGETED_DEVICE_FAMILY = "1,2";
			};
			name = Release;
		};
/* End XCBuildConfiguration section */

/* Begin XCConfigurationList section */
		1FA69B01245CA9CC0073DD69 /* Build configuration list for PBXProject "Coroutine Sample" */ = {
			isa = XCConfigurationList;
			buildConfigurations = (
				1FA69B1A245CA9CE0073DD69 /* Debug */,
				1FA69B1B245CA9CE0073DD69 /* Release */,
			);
			defaultConfigurationIsVisible = 0;
			defaultConfigurationName = Release;
		};
		1FA69B1C245CA9CE0073DD69 /* Build configuration list for PBXNativeTarget "Coroutine Sample" */ = {
			isa = XCConfigurationList;
			buildConfigurations = (
				1FA69B1D245CA9CE0073DD69 /* Debug */,
				1FA69B1E245CA9CE0073DD69 /* Release */,
			);
			defaultConfigurationIsVisible = 0;
			defaultConfigurationName = Release;
		};
/* End XCConfigurationList section */
	};
	rootObject = 1FA69AFE245CA9CC0073DD69 /* Project object */;
}
